{
  "nodes": {
    "devshell": {
      "inputs": {
        "flake-utils": "flake-utils",
        "nixpkgs": "nixpkgs"
      },
      "locked": {
        "lastModified": 1671489820,
        "narHash": "sha256-qoei5HDJ8psd1YUPD7DhbHdhLIT9L2nadscp4Qk37uk=",
        "owner": "numtide",
        "repo": "devshell",
        "rev": "5aa3a8039c68b4bf869327446590f4cdf90bb634",
        "type": "github"
      },
      "original": {
        "owner": "numtide",
        "repo": "devshell",
        "type": "github"
      }
    },
    "flake-utils": {
      "locked": {
        "lastModified": 1642700792,
        "narHash": "sha256-XqHrk7hFb+zBvRg6Ghl+AZDq03ov6OshJLiSWOoX5es=",
        "owner": "numtide",
        "repo": "flake-utils",
        "rev": "846b2ae0fc4cc943637d3d1def4454213e203cba",
        "type": "github"
      },
      "original": {
        "owner": "numtide",
        "repo": "flake-utils",
        "type": "github"
      }
    },
    "flake-utils_2": {
      "locked": {
        "lastModified": 1667395993,
        "narHash": "sha256-nuEHfE/LcWyuSWnS8t12N1wc105Qtau+/OdUAjtQ0rA=",
        "owner": "numtide",
        "repo": "flake-utils",
        "rev": "5aed5285a952e0b949eb3ba02c12fa4fcfef535f",
        "type": "github"
      },
      "original": {
        "owner": "numtide",
        "repo": "flake-utils",
        "type": "github"
      }
    },
    "nixpkgs": {
      "locked": {
        "lastModified": 1643381941,
        "narHash": "sha256-pHTwvnN4tTsEKkWlXQ8JMY423epos8wUOhthpwJjtpc=",
        "owner": "NixOS",
        "repo": "nixpkgs",
        "rev": "5efc8ca954272c4376ac929f4c5ffefcc20551d5",
        "type": "github"
      },
      "original": {
        "owner": "NixOS",
        "ref": "nixpkgs-unstable",
        "repo": "nixpkgs",
        "type": "github"
      }
    },
    "nixpkgs_2": {
      "locked": {
        "lastModified": 1673606088,
        "narHash": "sha256-wdYD41UwNwPhTdMaG0AIe7fE1bAdyHe6bB4HLUqUvck=",
        "owner": "nixos",
        "repo": "nixpkgs",
        "rev": "37b97ae3dd714de9a17923d004a2c5b5543dfa6d",
        "type": "github"
      },
      "original": {
        "owner": "nixos",
        "ref": "nixpkgs-unstable",
        "repo": "nixpkgs",
        "type": "github"
      }
    },
    "root": {
      "inputs": {
        "flake-utils": [
          "typelevel-nix",
          "flake-utils"
        ],
        "nixpkgs": [
          "typelevel-nix",
          "nixpkgs"
        ],
        "typelevel-nix": "typelevel-nix"
      }
    },
    "typelevel-nix": {
      "inputs": {
        "devshell": "devshell",
        "flake-utils": "flake-utils_2",
        "nixpkgs": "nixpkgs_2"
      },
      "locked": {
        "lastModified": 1673881480,
        "narHash": "sha256-8Blj4Ev8DR2JL/vBg2XMVZzAzsWPsQzUW7hwlog2IyQ=",
        "owner": "typelevel",
        "repo": "typelevel-nix",
        "rev": "84deba77d4f4a758f37ef09dcb4820bb9374aa54",
        "type": "github"
      },
      "original": {
        "owner": "typelevel",
        "repo": "typelevel-nix",
        "type": "github"
      }
    }
  },
  "root": "root",
  "version": 7
}
